{
  "name": "geojson-lint-action",
  "version": "0.1.0",
  "lockfileVersion": 1,
  "requires": true,
  "dependencies": {
    "@actions/core": {
      "version": "1.2.6",
      "resolved": "https://registry.npmjs.org/@actions/core/-/core-1.2.6.tgz",
      "integrity": "sha512-ZQYitnqiyBc3D+k7LsgSBmMDVkOVidaagDG7j3fOym77jNunWRuYx7VSHa9GNfFZh+zh61xsCjRj4JxMZlDqTA=="
    },
    "@actions/github": {
      "version": "4.0.0",
      "resolved": "https://registry.npmjs.org/@actions/github/-/github-4.0.0.tgz",
      "integrity": "sha512-Ej/Y2E+VV6sR9X7pWL5F3VgEWrABaT292DRqRU6R4hnQjPtC/zD3nagxVdXWiRQvYDh8kHXo7IDmG42eJ/dOMA==",
      "requires": {
        "@actions/http-client": "^1.0.8",
        "@octokit/core": "^3.0.0",
        "@octokit/plugin-paginate-rest": "^2.2.3",
        "@octokit/plugin-rest-endpoint-methods": "^4.0.0"
      }
    },
    "@actions/http-client": {
      "version": "1.0.9",
      "resolved": "https://registry.npmjs.org/@actions/http-client/-/http-client-1.0.9.tgz",
      "integrity": "sha512-0O4SsJ7q+MK0ycvXPl2e6bMXV7dxAXOGjrXS1eTF9s2S401Tp6c/P3c3Joz04QefC1J6Gt942Wl2jbm3f4mLcg==",
      "requires": {
        "tunnel": "0.0.6"
      }
    },
    "@mapbox/geojsonhint": {
      "version": "3.0.0",
      "resolved": "https://registry.npmjs.org/@mapbox/geojsonhint/-/geojsonhint-3.0.0.tgz",
      "integrity": "sha512-zHcyh1rDHYnEBd6NvOWoeHLuvazlDkIjvz9MJx4cKwcKTlfrqgxVnTv1QLnVJnsSU5neJnhQJcgscR/Zl4uYgw==",
      "requires": {
        "concat-stream": "^1.6.1",
        "jsonlint-lines": "1.7.1",
        "minimist": "1.2.0",
        "vfile": "^4.0.0",
        "vfile-reporter": "^5.1.1"
      }
    },
    "@octokit/auth-token": {
      "version": "2.4.2",
      "resolved": "https://registry.npmjs.org/@octokit/auth-token/-/auth-token-2.4.2.tgz",
      "integrity": "sha512-jE/lE/IKIz2v1+/P0u4fJqv0kYwXOTujKemJMFr6FeopsxlIK3+wKDCJGnysg81XID5TgZQbIfuJ5J0lnTiuyQ==",
      "requires": {
        "@octokit/types": "^5.0.0"
      }
    },
    "@octokit/core": {
      "version": "3.2.1",
      "resolved": "https://registry.npmjs.org/@octokit/core/-/core-3.2.1.tgz",
      "integrity": "sha512-XfFSDDwv6tclUenS0EmB6iA7u+4aOHBT1Lz4PtQNQQg3hBbNaR/+Uv5URU+egeIuuGAiMRiDyY92G4GBOWOqDA==",
      "requires": {
        "@octokit/auth-token": "^2.4.0",
        "@octokit/graphql": "^4.3.1",
        "@octokit/request": "^5.4.0",
        "@octokit/types": "^5.0.0",
        "before-after-hook": "^2.1.0",
        "universal-user-agent": "^6.0.0"
      }
    },
    "@octokit/endpoint": {
      "version": "6.0.8",
      "resolved": "https://registry.npmjs.org/@octokit/endpoint/-/endpoint-6.0.8.tgz",
      "integrity": "sha512-MuRrgv+bM4Q+e9uEvxAB/Kf+Sj0O2JAOBA131uo1o6lgdq1iS8ejKwtqHgdfY91V3rN9R/hdGKFiQYMzVzVBEQ==",
      "requires": {
        "@octokit/types": "^5.0.0",
        "is-plain-object": "^5.0.0",
        "universal-user-agent": "^6.0.0"
      }
    },
    "@octokit/graphql": {
      "version": "4.5.6",
      "resolved": "https://registry.npmjs.org/@octokit/graphql/-/graphql-4.5.6.tgz",
      "integrity": "sha512-Rry+unqKTa3svswT2ZAuqenpLrzJd+JTv89LTeVa5UM/5OX8o4KTkPL7/1ABq4f/ZkELb0XEK/2IEoYwykcLXg==",
      "requires": {
        "@octokit/request": "^5.3.0",
        "@octokit/types": "^5.0.0",
        "universal-user-agent": "^6.0.0"
      }
    },
    "@octokit/plugin-paginate-rest": {
      "version": "2.5.0",
      "resolved": "https://registry.npmjs.org/@octokit/plugin-paginate-rest/-/plugin-paginate-rest-2.5.0.tgz",
      "integrity": "sha512-o1S16bR49QxKFBRkoXAwULLNZEq97PnhFrlvNOABOxb1ryde0WlTxWexu0gvVqkn+nNK5RB/cETfxWMWzLCriQ==",
      "requires": {
        "@octokit/types": "^5.5.0"
      }
    },
    "@octokit/plugin-rest-endpoint-methods": {
      "version": "4.2.0",
      "resolved": "https://registry.npmjs.org/@octokit/plugin-rest-endpoint-methods/-/plugin-rest-endpoint-methods-4.2.0.tgz",
      "integrity": "sha512-1/qn1q1C1hGz6W/iEDm9DoyNoG/xdFDt78E3eZ5hHeUfJTLJgyAMdj9chL/cNBHjcjd+FH5aO1x0VCqR2RE0mw==",
      "requires": {
        "@octokit/types": "^5.5.0",
        "deprecation": "^2.3.1"
      }
    },
    "@octokit/request": {
      "version": "5.4.9",
      "resolved": "https://registry.npmjs.org/@octokit/request/-/request-5.4.9.tgz",
      "integrity": "sha512-CzwVvRyimIM1h2n9pLVYfTDmX9m+KHSgCpqPsY8F1NdEK8IaWqXhSBXsdjOBFZSpEcxNEeg4p0UO9cQ8EnOCLA==",
      "requires": {
        "@octokit/endpoint": "^6.0.1",
        "@octokit/request-error": "^2.0.0",
        "@octokit/types": "^5.0.0",
        "deprecation": "^2.0.0",
        "is-plain-object": "^5.0.0",
        "node-fetch": "^2.6.1",
        "once": "^1.4.0",
        "universal-user-agent": "^6.0.0"
      }
    },
    "@octokit/request-error": {
      "version": "2.0.2",
      "resolved": "https://registry.npmjs.org/@octokit/request-error/-/request-error-2.0.2.tgz",
      "integrity": "sha512-2BrmnvVSV1MXQvEkrb9zwzP0wXFNbPJij922kYBTLIlIafukrGOb+ABBT2+c6wZiuyWDH1K1zmjGQ0toN/wMWw==",
      "requires": {
        "@octokit/types": "^5.0.1",
        "deprecation": "^2.0.0",
        "once": "^1.4.0"
      }
    },
    "@octokit/types": {
      "version": "5.5.0",
      "resolved": "https://registry.npmjs.org/@octokit/types/-/types-5.5.0.tgz",
      "integrity": "sha512-UZ1pErDue6bZNjYOotCNveTXArOMZQFG6hKJfOnGnulVCMcVVi7YIIuuR4WfBhjo7zgpmzn/BkPDnUXtNx+PcQ==",
      "requires": {
        "@types/node": ">= 8"
      }
    },
    "@types/node": {
      "version": "14.14.6",
      "resolved": "https://registry.npmjs.org/@types/node/-/node-14.14.6.tgz",
      "integrity": "sha512-6QlRuqsQ/Ox/aJEQWBEJG7A9+u7oSYl3mem/K8IzxXG/kAGbV1YPD9Bg9Zw3vyxC/YP+zONKwy8hGkSt1jxFMw=="
    },
    "@types/unist": {
      "version": "2.0.3",
      "resolved": "https://registry.npmjs.org/@types/unist/-/unist-2.0.3.tgz",
      "integrity": "sha512-FvUupuM3rlRsRtCN+fDudtmytGO6iHJuuRKS1Ss0pG5z8oX0diNEw94UEL7hgDbpN94rgaK5R7sWm6RrSkZuAQ=="
    },
    "JSV": {
      "version": "4.0.2",
      "resolved": "https://registry.npmjs.org/JSV/-/JSV-4.0.2.tgz",
      "integrity": "sha1-0Hf2glVx+CEy+d/67Vh7QCn+/1c="
    },
    "ansi-regex": {
      "version": "3.0.0",
      "resolved": "https://registry.npmjs.org/ansi-regex/-/ansi-regex-3.0.0.tgz",
      "integrity": "sha1-7QMXwyIGT3lGbAKWa922Bas32Zg="
    },
    "ansi-styles": {
      "version": "1.0.0",
      "resolved": "https://registry.npmjs.org/ansi-styles/-/ansi-styles-1.0.0.tgz",
      "integrity": "sha1-yxAt8cVvUSPquLZ817mAJ6AnkXg="
    },
    "before-after-hook": {
      "version": "2.1.0",
      "resolved": "https://registry.npmjs.org/before-after-hook/-/before-after-hook-2.1.0.tgz",
      "integrity": "sha512-IWIbu7pMqyw3EAJHzzHbWa85b6oud/yfKYg5rqB5hNE8CeMi3nX+2C2sj0HswfblST86hpVEOAb9x34NZd6P7A=="
    },
    "buffer-from": {
      "version": "1.1.1",
      "resolved": "https://registry.npmjs.org/buffer-from/-/buffer-from-1.1.1.tgz",
      "integrity": "sha512-MQcXEUbCKtEo7bhqEs6560Hyd4XaovZlO/k9V3hjVUF/zwW7KBVdSK4gIt/bzwS9MbR5qob+F5jusZsb0YQK2A=="
    },
    "chalk": {
      "version": "0.4.0",
      "resolved": "https://registry.npmjs.org/chalk/-/chalk-0.4.0.tgz",
      "integrity": "sha1-UZmj3c0MHv4jvAjBsCewYXbgxk8=",
      "requires": {
        "ansi-styles": "~1.0.0",
        "has-color": "~0.1.0",
        "strip-ansi": "~0.1.0"
      }
    },
    "concat-stream": {
      "version": "1.6.2",
      "resolved": "https://registry.npmjs.org/concat-stream/-/concat-stream-1.6.2.tgz",
      "integrity": "sha512-27HBghJxjiZtIk3Ycvn/4kbJk/1uZuJFfuPEns6LaEvpvG1f0hTea8lilrouyo9mVc2GWdcEZ8OLoGmSADlrCw==",
      "requires": {
        "buffer-from": "^1.0.0",
        "inherits": "^2.0.3",
        "readable-stream": "^2.2.2",
        "typedarray": "^0.0.6"
      }
    },
    "core-util-is": {
      "version": "1.0.2",
      "resolved": "https://registry.npmjs.org/core-util-is/-/core-util-is-1.0.2.tgz",
      "integrity": "sha1-tf1UIgqivFq1eqtxQMlAdUUDwac="
    },
    "deprecation": {
      "version": "2.3.1",
      "resolved": "https://registry.npmjs.org/deprecation/-/deprecation-2.3.1.tgz",
      "integrity": "sha512-xmHIy4F3scKVwMsQ4WnVaS8bHOx0DmVwRywosKhaILI0ywMDWPtBSku2HNxRvF7jtwDRsoEwYQSfbxj8b7RlJQ=="
    },
    "has-color": {
      "version": "0.1.7",
      "resolved": "https://registry.npmjs.org/has-color/-/has-color-0.1.7.tgz",
      "integrity": "sha1-ZxRKUmDDT8PMpnfQQdr1L+e3iy8="
    },
    "has-flag": {
      "version": "3.0.0",
      "resolved": "https://registry.npmjs.org/has-flag/-/has-flag-3.0.0.tgz",
      "integrity": "sha1-tdRU3CGZriJWmfNGfloH87lVuv0="
    },
    "inherits": {
      "version": "2.0.4",
      "resolved": "https://registry.npmjs.org/inherits/-/inherits-2.0.4.tgz",
      "integrity": "sha512-k/vGaX4/Yla3WzyMCvTQOXYeIHvqOKtnqBduzTHpzpQZzAskKMhZ2K+EnBiSM9zGSoIFeMpXKxa4dYeZIQqewQ=="
    },
    "is-buffer": {
      "version": "2.0.4",
      "resolved": "https://registry.npmjs.org/is-buffer/-/is-buffer-2.0.4.tgz",
      "integrity": "sha512-Kq1rokWXOPXWuaMAqZiJW4XxsmD9zGx9q4aePabbn3qCRGedtH7Cm+zV8WETitMfu1wdh+Rvd6w5egwSngUX2A=="
    },
    "is-fullwidth-code-point": {
      "version": "2.0.0",
      "resolved": "https://registry.npmjs.org/is-fullwidth-code-point/-/is-fullwidth-code-point-2.0.0.tgz",
      "integrity": "sha1-o7MKXE8ZkYMWeqq5O+764937ZU8="
    },
    "is-plain-object": {
      "version": "5.0.0",
      "resolved": "https://registry.npmjs.org/is-plain-object/-/is-plain-object-5.0.0.tgz",
      "integrity": "sha512-VRSzKkbMm5jMDoKLbltAkFQ5Qr7VDiTFGXxYFXXowVj387GeGNOCsOH6Msy00SGZ3Fp84b1Naa1psqgcCIEP5Q=="
    },
    "isarray": {
      "version": "1.0.0",
      "resolved": "https://registry.npmjs.org/isarray/-/isarray-1.0.0.tgz",
      "integrity": "sha1-u5NdSFgsuhaMBoNJV6VKPgcSTxE="
    },
    "jsonlint-lines": {
      "version": "1.7.1",
      "resolved": "https://registry.npmjs.org/jsonlint-lines/-/jsonlint-lines-1.7.1.tgz",
      "integrity": "sha1-UH3mgNP7jEvhZBzFfW9nnynxeP8=",
      "requires": {
        "JSV": ">= 4.0.x",
        "nomnom": ">= 1.5.x"
      }
    },
    "minimist": {
      "version": "1.2.0",
      "resolved": "https://registry.npmjs.org/minimist/-/minimist-1.2.0.tgz",
      "integrity": "sha1-o1AIsg9BOD7sH7kU9M1d95omQoQ="
    },
    "node-fetch": {
      "version": "2.6.1",
      "resolved": "https://registry.npmjs.org/node-fetch/-/node-fetch-2.6.1.tgz",
      "integrity": "sha512-V4aYg89jEoVRxRb2fJdAg8FHvI7cEyYdVAh94HH0UIK8oJxUfkjlDQN9RbMx+bEjP7+ggMiFRprSti032Oipxw=="
    },
    "nomnom": {
      "version": "1.8.1",
      "resolved": "https://registry.npmjs.org/nomnom/-/nomnom-1.8.1.tgz",
      "integrity": "sha1-IVH3Ikcrp55Qp2/BJbuMjy5Nwqc=",
      "requires": {
        "chalk": "~0.4.0",
        "underscore": "~1.6.0"
      }
    },
    "once": {
      "version": "1.4.0",
      "resolved": "https://registry.npmjs.org/once/-/once-1.4.0.tgz",
      "integrity": "sha1-WDsap3WWHUsROsF9nFC6753Xa9E=",
      "requires": {
        "wrappy": "1"
      }
    },
    "process-nextick-args": {
      "version": "2.0.1",
      "resolved": "https://registry.npmjs.org/process-nextick-args/-/process-nextick-args-2.0.1.tgz",
      "integrity": "sha512-3ouUOpQhtgrbOa17J7+uxOTpITYWaGP7/AhoR3+A+/1e9skrzelGi/dXzEYyvbxubEF6Wn2ypscTKiKJFFn1ag=="
    },
    "readable-stream": {
      "version": "2.3.7",
      "resolved": "https://registry.npmjs.org/readable-stream/-/readable-stream-2.3.7.tgz",
      "integrity": "sha512-Ebho8K4jIbHAxnuxi7o42OrZgF/ZTNcsZj6nRKyUmkhLFq8CHItp/fy6hQZuZmP/n3yZ9VBUbp4zz/mX8hmYPw==",
      "requires": {
        "core-util-is": "~1.0.0",
        "inherits": "~2.0.3",
        "isarray": "~1.0.0",
        "process-nextick-args": "~2.0.0",
        "safe-buffer": "~5.1.1",
        "string_decoder": "~1.1.1",
        "util-deprecate": "~1.0.1"
      }
    },
    "repeat-string": {
      "version": "1.6.1",
      "resolved": "https://registry.npmjs.org/repeat-string/-/repeat-string-1.6.1.tgz",
      "integrity": "sha1-jcrkcOHIirwtYA//Sndihtp15jc="
    },
    "replace-ext": {
      "version": "1.0.0",
      "resolved": "https://registry.npmjs.org/replace-ext/-/replace-ext-1.0.0.tgz",
      "integrity": "sha1-3mMSg3P8v3w8z6TeWkgMRaZ5WOs="
    },
    "safe-buffer": {
      "version": "5.1.2",
      "resolved": "https://registry.npmjs.org/safe-buffer/-/safe-buffer-5.1.2.tgz",
      "integrity": "sha512-Gd2UZBJDkXlY7GbJxfsE8/nvKkUEU1G38c1siN6QP6a9PT9MmHB8GnpscSmMJSoF8LOIrt8ud/wPtojys4G6+g=="
    },
    "string-width": {
      "version": "2.1.1",
      "resolved": "https://registry.npmjs.org/string-width/-/string-width-2.1.1.tgz",
      "integrity": "sha512-nOqH59deCq9SRHlxq1Aw85Jnt4w6KvLKqWVik6oA9ZklXLNIOlqg4F2yrT1MVaTjAqvVwdfeZ7w7aCvJD7ugkw==",
      "requires": {
        "is-fullwidth-code-point": "^2.0.0",
        "strip-ansi": "^4.0.0"
      },
      "dependencies": {
        "strip-ansi": {
          "version": "4.0.0",
          "resolved": "https://registry.npmjs.org/strip-ansi/-/strip-ansi-4.0.0.tgz",
          "integrity": "sha1-qEeQIusaw2iocTibY1JixQXuNo8=",
          "requires": {
            "ansi-regex": "^3.0.0"
          }
        }
      }
    },
    "string_decoder": {
      "version": "1.1.1",
      "resolved": "https://registry.npmjs.org/string_decoder/-/string_decoder-1.1.1.tgz",
      "integrity": "sha512-n/ShnvDi6FHbbVfviro+WojiFzv+s8MPMHBczVePfUpDJLwoLT0ht1l4YwBCbi8pJAveEEdnkHyPyTP/mzRfwg==",
      "requires": {
        "safe-buffer": "~5.1.0"
      }
    },
    "strip-ansi": {
      "version": "0.1.1",
      "resolved": "https://registry.npmjs.org/strip-ansi/-/strip-ansi-0.1.1.tgz",
      "integrity": "sha1-OeipjQRNFQZgq+SmgIrPcLt7yZE="
    },
    "supports-color": {
      "version": "5.5.0",
      "resolved": "https://registry.npmjs.org/supports-color/-/supports-color-5.5.0.tgz",
      "integrity": "sha512-QjVjwdXIt408MIiAqCX4oUKsgU2EqAGzs2Ppkm4aQYbjm+ZEWEcW4SfFNTr4uMNZma0ey4f5lgLrkB0aX0QMow==",
      "requires": {
        "has-flag": "^3.0.0"
      }
    },
    "tunnel": {
      "version": "0.0.6",
      "resolved": "https://registry.npmjs.org/tunnel/-/tunnel-0.0.6.tgz",
      "integrity": "sha512-1h/Lnq9yajKY2PEbBadPXj3VxsDDu844OnaAo52UVmIzIvwwtBPIuNvkjuzBlTWpfJyUbG3ez0KSBibQkj4ojg=="
    },
    "typedarray": {
      "version": "0.0.6",
      "resolved": "https://registry.npmjs.org/typedarray/-/typedarray-0.0.6.tgz",
      "integrity": "sha1-hnrHTjhkGHsdPUfZlqeOxciDB3c="
    },
    "underscore": {
      "version": "1.6.0",
      "resolved": "https://registry.npmjs.org/underscore/-/underscore-1.6.0.tgz",
      "integrity": "sha1-izixDKze9jM3uLJOT/htRa6lKag="
    },
    "unist-util-stringify-position": {
      "version": "2.0.3",
      "resolved": "https://registry.npmjs.org/unist-util-stringify-position/-/unist-util-stringify-position-2.0.3.tgz",
      "integrity": "sha512-3faScn5I+hy9VleOq/qNbAd6pAx7iH5jYBMS9I1HgQVijz/4mv5Bvw5iw1sC/90CODiKo81G/ps8AJrISn687g==",
      "requires": {
        "@types/unist": "^2.0.2"
      }
    },
    "universal-user-agent": {
      "version": "6.0.0",
      "resolved": "https://registry.npmjs.org/universal-user-agent/-/universal-user-agent-6.0.0.tgz",
      "integrity": "sha512-isyNax3wXoKaulPDZWHQqbmIx1k2tb9fb3GGDBRxCscfYV2Ch7WxPArBsFEG8s/safwXTT7H4QGhaIkTp9447w=="
    },
    "util-deprecate": {
      "version": "1.0.2",
      "resolved": "https://registry.npmjs.org/util-deprecate/-/util-deprecate-1.0.2.tgz",
      "integrity": "sha1-RQ1Nyfpw3nMnYvvS1KKJgUGaDM8="
    },
    "vfile": {
      "version": "4.2.0",
      "resolved": "https://registry.npmjs.org/vfile/-/vfile-4.2.0.tgz",
      "integrity": "sha512-a/alcwCvtuc8OX92rqqo7PflxiCgXRFjdyoGVuYV+qbgCb0GgZJRvIgCD4+U/Kl1yhaRsaTwksF88xbPyGsgpw==",
      "requires": {
        "@types/unist": "^2.0.0",
        "is-buffer": "^2.0.0",
        "replace-ext": "1.0.0",
        "unist-util-stringify-position": "^2.0.0",
        "vfile-message": "^2.0.0"
      }
    },
    "vfile-message": {
      "version": "2.0.4",
      "resolved": "https://registry.npmjs.org/vfile-message/-/vfile-message-2.0.4.tgz",
      "integrity": "sha512-DjssxRGkMvifUOJre00juHoP9DPWuzjxKuMDrhNbk2TdaYYBNMStsNhEOt3idrtI12VQYM/1+iM0KOzXi4pxwQ==",
      "requires": {
        "@types/unist": "^2.0.0",
        "unist-util-stringify-position": "^2.0.0"
      }
    },
    "vfile-reporter": {
      "version": "5.1.2",
      "resolved": "https://registry.npmjs.org/vfile-reporter/-/vfile-reporter-5.1.2.tgz",
      "integrity": "sha512-b15sTuss1wOPWVlyWOvu+n6wGJ/eTYngz3uqMLimQvxZ+Q5oFQGYZZP1o3dR9sk58G5+wej0UPCZSwQBX/mzrQ==",
      "requires": {
        "repeat-string": "^1.5.0",
        "string-width": "^2.0.0",
        "supports-color": "^5.0.0",
        "unist-util-stringify-position": "^2.0.0",
        "vfile-sort": "^2.1.2",
        "vfile-statistics": "^1.1.0"
      }
    },
    "vfile-sort": {
      "version": "2.2.2",
      "resolved": "https://registry.npmjs.org/vfile-sort/-/vfile-sort-2.2.2.tgz",
      "integrity": "sha512-tAyUqD2R1l/7Rn7ixdGkhXLD3zsg+XLAeUDUhXearjfIcpL1Hcsj5hHpCoy/gvfK/Ws61+e972fm0F7up7hfYA=="
    },
    "vfile-statistics": {
      "version": "1.1.4",
      "resolved": "https://registry.npmjs.org/vfile-statistics/-/vfile-statistics-1.1.4.tgz",
      "integrity": "sha512-lXhElVO0Rq3frgPvFBwahmed3X03vjPF8OcjKMy8+F1xU/3Q3QU3tKEDp743SFtb74PdF0UWpxPvtOP0GCLheA=="
    },
    "wrappy": {
      "version": "1.0.2",
      "resolved": "https://registry.npmjs.org/wrappy/-/wrappy-1.0.2.tgz",
      "integrity": "sha1-tSQ9jz7BqjXxNkYFvA0QNuMKtp8="
    }
  }
}
